
Microsoft Visual Studio Solution File, Format Version 12.00
# Visual Studio Version 17
VisualStudioVersion = 17.4.33213.308
MinimumVisualStudioVersion = 10.0.40219.1
Project("{FAE04EC0-301F-11D3-BF4B-00C04F79EFBC}") = "Week1-60438Project.1", "Week1-60438Project.1\Week1-60438Project.1.csproj", "{5DE943E3-EB7F-4544-8443-C9EF0A9DD0CC}"
EndProject
Global
	GlobalSection(SolutionConfigurationPlatforms) = preSolution
		Debug|Any CPU = Debug|Any CPU
		Release|Any CPU = Release|Any CPU
	EndGlobalSection
	GlobalSection(ProjectConfigurationPlatforms) = postSolution
		{5DE943E3-EB7F-4544-8443-C9EF0A9DD0CC}.Debug|Any CPU.ActiveCfg = Debug|Any CPU
		{5DE943E3-EB7F-4544-8443-C9EF0A9DD0CC}.Debug|Any CPU.Build.0 = Debug|Any CPU
		{5DE943E3-EB7F-4544-8443-C9EF0A9DD0CC}.Release|Any CPU.ActiveCfg = Release|Any CPU
		{5DE943E3-EB7F-4544-8443-C9EF0A9DD0CC}.Release|Any CPU.Build.0 = Release|Any CPU
	EndGlobalSection
	GlobalSection(SolutionProperties) = preSolution
		HideSolutionNode = FALSE
	EndGlobalSection
	GlobalSection(ExtensibilityGlobals) = postSolution
		SolutionGuid = {F7122912-BE67-4DE8-9F3C-843C1DED56AA}
	EndGlobalSection
EndGlobal
